name: Dependabot lock sync

on:
  pull_request:
    branches: [main]
    paths:
      - 'pyproject.toml'

permissions:
  contents: write

jobs:
  lock:
    if: github.actor == 'dependabot[bot]'
    runs-on: ubuntu-latest
    timeout-minutes: 5
    steps:
      - uses: actions/checkout@v6
        with:
          ref: ${{ github.head_ref }}

      - uses: pdm-project/setup-pdm@v4
        with:
          python-version: '3.11'
          version: '2.25.5'

      - name: Update lock file
        run: pdm lock --update-reuse

      - name: Commit updated lock file
        run: |
          git config user.name 'github-actions[bot]'
          git config user.email 'github-actions[bot]@users.noreply.github.com'
          git add pdm.lock
          git diff --cached --quiet || git commit -m "chore: update pdm.lock"
          git push
